<<<<<<< HEAD

Microsoft Visual Studio Solution File, Format Version 12.00
# Visual Studio 15
Project("{FAE04EC0-301F-11D3-BF4B-00C04F79EFBC}") = "assignment3-db", "assignment3-db.csproj", "{C71260EC-EBED-4E4B-8BC6-8B93D5FAAA89}"
EndProject
Global
	GlobalSection(SolutionConfigurationPlatforms) = preSolution
		Debug|Any CPU = Debug|Any CPU
		Release|Any CPU = Release|Any CPU
	EndGlobalSection
	GlobalSection(ProjectConfigurationPlatforms) = postSolution
		{C71260EC-EBED-4E4B-8BC6-8B93D5FAAA89}.Debug|Any CPU.ActiveCfg = Debug|Any CPU
		{C71260EC-EBED-4E4B-8BC6-8B93D5FAAA89}.Debug|Any CPU.Build.0 = Debug|Any CPU
		{C71260EC-EBED-4E4B-8BC6-8B93D5FAAA89}.Release|Any CPU.ActiveCfg = Release|Any CPU
		{C71260EC-EBED-4E4B-8BC6-8B93D5FAAA89}.Release|Any CPU.Build.0 = Release|Any CPU
	EndGlobalSection
EndGlobal
=======
﻿
Microsoft Visual Studio Solution File, Format Version 12.00
# Visual Studio 15
VisualStudioVersion = 15.0.28010.2048
MinimumVisualStudioVersion = 10.0.40219.1
Project("{9A19103F-16F7-4668-BE54-9A1E7A4F7556}") = "assignment3-db", "assignment3-db.csproj", "{7131E7A0-813C-4308-9FCD-A6E8DDE866F1}"
EndProject
Global
	GlobalSection(SolutionConfigurationPlatforms) = preSolution
		Debug|Any CPU = Debug|Any CPU
		Release|Any CPU = Release|Any CPU
	EndGlobalSection
	GlobalSection(ProjectConfigurationPlatforms) = postSolution
		{7131E7A0-813C-4308-9FCD-A6E8DDE866F1}.Debug|Any CPU.ActiveCfg = Debug|Any CPU
		{7131E7A0-813C-4308-9FCD-A6E8DDE866F1}.Debug|Any CPU.Build.0 = Debug|Any CPU
		{7131E7A0-813C-4308-9FCD-A6E8DDE866F1}.Release|Any CPU.ActiveCfg = Release|Any CPU
		{7131E7A0-813C-4308-9FCD-A6E8DDE866F1}.Release|Any CPU.Build.0 = Release|Any CPU
	EndGlobalSection
	GlobalSection(SolutionProperties) = preSolution
		HideSolutionNode = FALSE
	EndGlobalSection
	GlobalSection(ExtensibilityGlobals) = postSolution
		SolutionGuid = {EAEA40A5-F178-4E43-84D2-A6BFEA6ADD80}
	EndGlobalSection
EndGlobal
>>>>>>> 5ea1016c1c1a4dc3606188e26ee02ca054b9db2b
